# THIS IS AN AUTOGENERATED FILE. DO NOT EDIT THIS FILE DIRECTLY.
# yarn lockfile v1


skydate@^0.0.1:
  version "0.0.1"
  resolved "https://registry.yarnpkg.com/skydate/-/skydate-0.0.1.tgz#8aa01b55e0a6e56f6ccecf9e3d8716c1b82e95e4"
  integrity sha512-GxRbK7MOmOa6CCU0ljLBhgfbQJAanx598tajbbgqGcX0vUiMWIp0omEFofH76lLe3+IcHFE3CBloEgBEY9eeQQ==
